
Microsoft Visual Studio Solution File, Format Version 12.00
# Visual Studio Version 17
VisualStudioVersion = 17.5.33516.290
MinimumVisualStudioVersion = 10.0.40219.1
Project("{9A19103F-16F7-4668-BE54-9A1E7A4F7556}") = "Donguler", "Donguler\Donguler.csproj", "{1675B930-B88F-446D-873A-DB09655415F7}"
EndProject
Project("{9A19103F-16F7-4668-BE54-9A1E7A4F7556}") = "ClassIntro", "ClassIntro\ClassIntro.csproj", "{49010286-E936-45CC-898D-5AA7E6ABB4B1}"
EndProject
Project("{9A19103F-16F7-4668-BE54-9A1E7A4F7556}") = "Metotlar", "Metotlar\Metotlar.csproj", "{51A2B1B7-7017-4C48-9E9B-A427F61904E2}"
EndProject
Project("{9A19103F-16F7-4668-BE54-9A1E7A4F7556}") = "Matematik", "Matematik\Matematik.csproj", "{775887BB-C664-4B27-9D84-B3CE80507C28}"
EndProject
Project("{9A19103F-16F7-4668-BE54-9A1E7A4F7556}") = "DegerVeReferansTipler", "DegerVeReferansTipler\DegerVeReferansTipler.csproj", "{6DEAF8A0-5BCC-4137-8D85-D3130FC5001C}"
EndProject
Project("{FAE04EC0-301F-11D3-BF4B-00C04F79EFBC}") = "OOP1", "OOP1\OOP1.csproj", "{60C2C46E-5A24-4458-96D2-3942B2BF0FB3}"
EndProject
Project("{FAE04EC0-301F-11D3-BF4B-00C04F79EFBC}") = "Collections", "Collections\Collections.csproj", "{1D6894C5-9813-43FD-9335-C2E0EDC2D821}"
EndProject
Project("{FAE04EC0-301F-11D3-BF4B-00C04F79EFBC}") = "GenericsIntro", "GenericsIntro\GenericsIntro.csproj", "{888BB331-3BA5-46FE-9B75-272A84CE97A8}"
EndProject
Global
	GlobalSection(SolutionConfigurationPlatforms) = preSolution
		Debug|Any CPU = Debug|Any CPU
		Release|Any CPU = Release|Any CPU
	EndGlobalSection
	GlobalSection(ProjectConfigurationPlatforms) = postSolution
		{1675B930-B88F-446D-873A-DB09655415F7}.Debug|Any CPU.ActiveCfg = Debug|Any CPU
		{1675B930-B88F-446D-873A-DB09655415F7}.Debug|Any CPU.Build.0 = Debug|Any CPU
		{1675B930-B88F-446D-873A-DB09655415F7}.Release|Any CPU.ActiveCfg = Release|Any CPU
		{1675B930-B88F-446D-873A-DB09655415F7}.Release|Any CPU.Build.0 = Release|Any CPU
		{49010286-E936-45CC-898D-5AA7E6ABB4B1}.Debug|Any CPU.ActiveCfg = Debug|Any CPU
		{49010286-E936-45CC-898D-5AA7E6ABB4B1}.Debug|Any CPU.Build.0 = Debug|Any CPU
		{49010286-E936-45CC-898D-5AA7E6ABB4B1}.Release|Any CPU.ActiveCfg = Release|Any CPU
		{49010286-E936-45CC-898D-5AA7E6ABB4B1}.Release|Any CPU.Build.0 = Release|Any CPU
		{51A2B1B7-7017-4C48-9E9B-A427F61904E2}.Debug|Any CPU.ActiveCfg = Debug|Any CPU
		{51A2B1B7-7017-4C48-9E9B-A427F61904E2}.Debug|Any CPU.Build.0 = Debug|Any CPU
		{51A2B1B7-7017-4C48-9E9B-A427F61904E2}.Release|Any CPU.ActiveCfg = Release|Any CPU
		{51A2B1B7-7017-4C48-9E9B-A427F61904E2}.Release|Any CPU.Build.0 = Release|Any CPU
		{775887BB-C664-4B27-9D84-B3CE80507C28}.Debug|Any CPU.ActiveCfg = Debug|Any CPU
		{775887BB-C664-4B27-9D84-B3CE80507C28}.Debug|Any CPU.Build.0 = Debug|Any CPU
		{775887BB-C664-4B27-9D84-B3CE80507C28}.Release|Any CPU.ActiveCfg = Release|Any CPU
		{775887BB-C664-4B27-9D84-B3CE80507C28}.Release|Any CPU.Build.0 = Release|Any CPU
		{6DEAF8A0-5BCC-4137-8D85-D3130FC5001C}.Debug|Any CPU.ActiveCfg = Debug|Any CPU
		{6DEAF8A0-5BCC-4137-8D85-D3130FC5001C}.Debug|Any CPU.Build.0 = Debug|Any CPU
		{6DEAF8A0-5BCC-4137-8D85-D3130FC5001C}.Release|Any CPU.ActiveCfg = Release|Any CPU
		{6DEAF8A0-5BCC-4137-8D85-D3130FC5001C}.Release|Any CPU.Build.0 = Release|Any CPU
		{60C2C46E-5A24-4458-96D2-3942B2BF0FB3}.Debug|Any CPU.ActiveCfg = Debug|Any CPU
		{60C2C46E-5A24-4458-96D2-3942B2BF0FB3}.Debug|Any CPU.Build.0 = Debug|Any CPU
		{60C2C46E-5A24-4458-96D2-3942B2BF0FB3}.Release|Any CPU.ActiveCfg = Release|Any CPU
		{60C2C46E-5A24-4458-96D2-3942B2BF0FB3}.Release|Any CPU.Build.0 = Release|Any CPU
		{1D6894C5-9813-43FD-9335-C2E0EDC2D821}.Debug|Any CPU.ActiveCfg = Debug|Any CPU
		{1D6894C5-9813-43FD-9335-C2E0EDC2D821}.Debug|Any CPU.Build.0 = Debug|Any CPU
		{1D6894C5-9813-43FD-9335-C2E0EDC2D821}.Release|Any CPU.ActiveCfg = Release|Any CPU
		{1D6894C5-9813-43FD-9335-C2E0EDC2D821}.Release|Any CPU.Build.0 = Release|Any CPU
		{888BB331-3BA5-46FE-9B75-272A84CE97A8}.Debug|Any CPU.ActiveCfg = Debug|Any CPU
		{888BB331-3BA5-46FE-9B75-272A84CE97A8}.Debug|Any CPU.Build.0 = Debug|Any CPU
		{888BB331-3BA5-46FE-9B75-272A84CE97A8}.Release|Any CPU.ActiveCfg = Release|Any CPU
		{888BB331-3BA5-46FE-9B75-272A84CE97A8}.Release|Any CPU.Build.0 = Release|Any CPU
	EndGlobalSection
	GlobalSection(SolutionProperties) = preSolution
		HideSolutionNode = FALSE
	EndGlobalSection
	GlobalSection(ExtensibilityGlobals) = postSolution
		SolutionGuid = {ECBFE643-F4AE-469A-AE0A-4ADC22C2AB2A}
	EndGlobalSection
EndGlobal
